{
  "version": 4,
  "terraform_version": "1.2.0",
  "serial": 8,
  "lineage": "da9f2ae0-caed-fa68-7a8f-f4cafa406202",
  "outputs": {},
  "resources": [
    {
      "mode": "data",
      "type": "digitalocean_ssh_key",
      "name": "do_key",
      "provider": "provider[\"registry.terraform.io/digitalocean/digitalocean\"]",
      "instances": [
        {
          "schema_version": 0,
          "attributes": {
            "fingerprint": "73:d2:99:05:a1:c7:1f:21:c6:9f:36:9b:cf:19:ea:c8",
            "id": "34531273",
            "name": "do_key",
            "public_key": "ssh-rsa AAAAB3NzaC1yc2EAAAADAQABAAABAQDWU9w80eSZ5QaUWaM8X4GWosFz7e3rm5j07UHfKFgghtEe7MQyDYwBLjD4q5ectd9oiD/mhFPeYkdeAbv8JluWm1GY1KB+svev5YgAdbg3vVgo8Na+aJqXUgsSBV/NhJ3XuQuqyCDGYjNXnAw0/q4nBiSASJwolEaFWpcQdi2pMCiLqtXT+8jHSixnPzFBf1RnkbzzORYp4mgfkuQnCOxCQo8pKowyI5igpx+t9p9YSnMeTVRWn8lxnTxBl8J/NRP9zDTyO+YMwtcs7wOe58ZFd8JlTwuiIGYagwYS0O137xykS9Odznq9a8/6dqLhpnq9ojRu7NTTUDD/vW2Paenh Galves@iMac-de-Carlos.home"
          },
          "sensitive_attributes": []
        }
      ]
    },
    {
      "mode": "managed",
      "type": "digitalocean_droplet",
      "name": "web",
      "provider": "provider[\"registry.terraform.io/digitalocean/digitalocean\"]",
      "instances": [
        {
          "status": "tainted",
          "schema_version": 1,
          "attributes": {
            "backups": false,
            "created_at": "2022-05-21T18:08:44Z",
            "disk": 160,
            "id": "300740526",
            "image": "ubuntu-18-04-x64",
            "ipv4_address": "167.71.179.65",
            "ipv4_address_private": "10.108.0.2",
            "ipv6": false,
            "ipv6_address": "",
            "ipv6_address_private": null,
            "locked": false,
            "memory": 8192,
            "monitoring": false,
            "name": "www-1",
            "price_hourly": 0.05952,
            "price_monthly": 40,
            "private_networking": true,
            "region": "nyc3",
            "resize_disk": true,
            "size": "s-4vcpu-8gb",
            "ssh_keys": [
              "34531273"
            ],
            "status": "active",
            "tags": null,
            "urn": "do:droplet:300740526",
            "user_data": null,
            "vcpus": 4,
            "volume_ids": [],
            "vpc_uuid": "1866e30b-b5ae-4334-ba37-29eec080cee1"
          },
          "sensitive_attributes": [],
          "private": "eyJzY2hlbWFfdmVyc2lvbiI6IjEifQ==",
          "dependencies": [
            "data.digitalocean_ssh_key.do_key"
          ]
        }
      ]
    }
  ]
}
