{
  "version": 4,
  "terraform_version": "1.2.0",
  "serial": 3,
  "lineage": "da9f2ae0-caed-fa68-7a8f-f4cafa406202",
  "outputs": {},
  "resources": [
    {
      "mode": "data",
      "type": "digitalocean_ssh_key",
      "name": "terraform",
      "provider": "provider[\"registry.terraform.io/digitalocean/digitalocean\"]",
      "instances": [
        {
          "schema_version": 0,
          "attributes": {
            "fingerprint": "44:98:ed:40:94:10:64:73:0b:2f:fa:d4:0b:b7:71:86",
            "id": "34519651",
            "name": "macOS",
            "public_key": "ssh-rsa AAAAB3NzaC1yc2EAAAADAQABAAACAQDX8173Pm6LhUI7hSJdSXkZu9vKj/oMYUtUPFHRd4nDrYoiIyf1bsuyIF0MX7MSVyP3W5hzqexL7wghOrGjZDfXgGi8CW58Y4uDTw+HKnATAE0R1zo6TKaKq0wO0/4r82xLuqnazHOUaCoHO9iSoGEn4VCl00gfCreBNqio0T/9qb4aebBW5g2n4sWCnGe6Rm5vRuqSsWgQLheIIop8S80j834z81hvD3C6GNC/81omGEpdktowlXzd7WHsh82IiJ8eSF+CP5O57TGBQIVE7ZDXo9NwUksoAOiFn3OoMeVNexi9y/ZnrOvgpmz5oPTuH+TB72Lybv/VdqGUgWCFEkjXKSa0xAYEe1rQz4EF6ZNlIfaGEE306NNgIFDBxyTEnHk3KqugljjtyZq5msooeBfDT8NU4qMc5m/NeJ027m0XzPhafUiUdWSVN9FVAT/OKHATrlktpY4yRwBm+NZ54iqLeH9x+7nZSFM+ZDcHW2hSWdHBV4zZMyM/HtQiJ/W6nenQmNsTs8lcOfTAe8ZysaBt/v3Dc9EVh7m4uuYVEHn5e5Id0/yJXFhpC8cVXtMb7l4+JP39GjE0BBJzRdII7IpiuQBSh43sh1vhufWitkKL9jM5QfqUEbYELKYsCuN97ee4J8VKwcn1Fc3GuESItqGU0f2FZxe9BBffH0+94LrL3Q== tiago.galves@hotmail.com"
          },
          "sensitive_attributes": []
        }
      ]
    },
    {
      "mode": "managed",
      "type": "digitalocean_droplet",
      "name": "web",
      "provider": "provider[\"registry.terraform.io/digitalocean/digitalocean\"]",
      "instances": [
        {
          "status": "tainted",
          "schema_version": 1,
          "attributes": {
            "backups": false,
            "created_at": "2022-05-20T00:58:02Z",
            "disk": 25,
            "id": "300507454",
            "image": "ubuntu-18-04-x64",
            "ipv4_address": "167.99.116.26",
            "ipv4_address_private": "10.108.0.2",
            "ipv6": false,
            "ipv6_address": "",
            "ipv6_address_private": null,
            "locked": false,
            "memory": 1024,
            "monitoring": false,
            "name": "www-1",
            "price_hourly": 0.00744,
            "price_monthly": 5,
            "private_networking": true,
            "region": "nyc3",
            "resize_disk": true,
            "size": "s-1vcpu-1gb",
            "ssh_keys": [
              "34519651"
            ],
            "status": "active",
            "tags": null,
            "urn": "do:droplet:300507454",
            "user_data": null,
            "vcpus": 1,
            "volume_ids": [],
            "vpc_uuid": "1866e30b-b5ae-4334-ba37-29eec080cee1"
          },
          "sensitive_attributes": [],
          "private": "eyJzY2hlbWFfdmVyc2lvbiI6IjEifQ==",
          "dependencies": [
            "data.digitalocean_ssh_key.terraform"
          ]
        }
      ]
    }
  ]
}
